
Microsoft Visual Studio Solution File, Format Version 12.00
# Visual Studio Version 16
VisualStudioVersion = 16.0.30804.86
MinimumVisualStudioVersion = 10.0.40219.1
Project("{FAE04EC0-301F-11D3-BF4B-00C04F79EFBC}") = "SEH America", "SEH America\SEH America.csproj", "{CD4EA11C-93DE-4530-8922-0F0DA2BB711C}"
EndProject
Global
	GlobalSection(SolutionConfigurationPlatforms) = preSolution
		Debug|Any CPU = Debug|Any CPU
		Release|Any CPU = Release|Any CPU
	EndGlobalSection
	GlobalSection(ProjectConfigurationPlatforms) = postSolution
		{CD4EA11C-93DE-4530-8922-0F0DA2BB711C}.Debug|Any CPU.ActiveCfg = Debug|Any CPU
		{CD4EA11C-93DE-4530-8922-0F0DA2BB711C}.Debug|Any CPU.Build.0 = Debug|Any CPU
		{CD4EA11C-93DE-4530-8922-0F0DA2BB711C}.Release|Any CPU.ActiveCfg = Release|Any CPU
		{CD4EA11C-93DE-4530-8922-0F0DA2BB711C}.Release|Any CPU.Build.0 = Release|Any CPU
	EndGlobalSection
	GlobalSection(SolutionProperties) = preSolution
		HideSolutionNode = FALSE
	EndGlobalSection
	GlobalSection(ExtensibilityGlobals) = postSolution
		SolutionGuid = {9F903125-3A32-4456-959F-92EFCF0927CD}
	EndGlobalSection
EndGlobal
